
Microsoft Visual Studio Solution File, Format Version 12.00
# Visual Studio Version 17
VisualStudioVersion = 17.5.002.0
MinimumVisualStudioVersion = 10.0.40219.1
Project("{9A19103F-16F7-4668-BE54-9A1E7A4F7556}") = "CadastroUsuarios", "CadastroUsuarios.csproj", "{C284335D-D2A7-48BF-903D-1E91161E1342}"
EndProject
Global
	GlobalSection(SolutionConfigurationPlatforms) = preSolution
		Debug|Any CPU = Debug|Any CPU
		Release|Any CPU = Release|Any CPU
	EndGlobalSection
	GlobalSection(ProjectConfigurationPlatforms) = postSolution
		{C284335D-D2A7-48BF-903D-1E91161E1342}.Debug|Any CPU.ActiveCfg = Debug|Any CPU
		{C284335D-D2A7-48BF-903D-1E91161E1342}.Debug|Any CPU.Build.0 = Debug|Any CPU
		{C284335D-D2A7-48BF-903D-1E91161E1342}.Release|Any CPU.ActiveCfg = Release|Any CPU
		{C284335D-D2A7-48BF-903D-1E91161E1342}.Release|Any CPU.Build.0 = Release|Any CPU
	EndGlobalSection
	GlobalSection(SolutionProperties) = preSolution
		HideSolutionNode = FALSE
	EndGlobalSection
	GlobalSection(ExtensibilityGlobals) = postSolution
		SolutionGuid = {09714362-4E90-4A46-9969-6996AAD2C249}
	EndGlobalSection
EndGlobal
